{
  "name": "cagebot",
  "version": "1.0.0",
  "lockfileVersion": 3,
  "requires": true,
  "packages": {
    "": {
      "name": "cagebot",
      "version": "1.0.0",
      "license": "ISC",
      "dependencies": {
        "async-mutex": "^0.5.0",
        "data-of-loathing": "^4.3.1",
        "dotenv": "^16.6.1",
        "html-entities": "^2.3.3",
        "kol.js": "^0.12.0"
      },
      "devDependencies": {
        "@types/node": "^22.0.0",
        "prettier": "^2.3.0",
        "typescript": "^5.9.3",
        "undici": "^6.28.0"
      }
    },
    "node_modules/@chevrotain/cst-dts-gen": {
      "version": "12.0.0",
      "resolved": "https://registry.npmjs.org/@chevrotain/cst-dts-gen/-/cst-dts-gen-12.0.0.tgz",
      "integrity": "sha512-fSL4KXjTl7cDgf0B5Rip9Q05BOrYvkJV/RrBTE/bKDN096E4hN/ySpcBK5B24T76dlQ2i32Zc3PAE27jFnFrKg==",
      "license": "Apache-2.0",
      "dependencies": {
        "@chevrotain/gast": "12.0.0",
        "@chevrotain/types": "12.0.0"
      }
    },
    "node_modules/@chevrotain/gast": {
      "version": "12.0.0",
      "resolved": "https://registry.npmjs.org/@chevrotain/gast/-/gast-12.0.0.tgz",
      "integrity": "sha512-1ne/m3XsIT8aEdrvT33so0GUC+wkctpUPK6zU9IlOyJLUbR0rg4G7ZiApiJbggpgPir9ERy3FRjT6T7lpgetnQ==",
      "license": "Apache-2.0",
      "dependencies": {
        "@chevrotain/types": "12.0.0"
      }
    },
    "node_modules/@chevrotain/regexp-to-ast": {
      "version": "12.0.0",
      "resolved": "https://registry.npmjs.org/@chevrotain/regexp-to-ast/-/regexp-to-ast-12.0.0.tgz",
      "integrity": "sha512-p+EW9MaJwgaHguhoqwOtx/FwuGr+DnNn857sXWOi/mClXIkPGl3rn7hGNWvo31HA3vyeQxjqe+H36yZJwYU8cA==",
      "license": "Apache-2.0"
    },
    "node_modules/@chevrotain/types": {
      "version": "12.0.0",
      "resolved": "https://registry.npmjs.org/@chevrotain/types/-/types-12.0.0.tgz",
      "integrity": "sha512-S+04vjFQKeuYw0/eW3U52LkAHQsB1ASxsPGsLPUyQgrZ2iNNibQrsidruDzjEX2JYfespXMG0eZmXlhA6z7nWA==",
      "license": "Apache-2.0"
    },
    "node_modules/@chevrotain/utils": {
      "version": "12.0.0",
      "resolved": "https://registry.npmjs.org/@chevrotain/utils/-/utils-12.0.0.tgz",
      "integrity": "sha512-lB59uJoaGIfOOL9knQqQRfhl9g7x8/wqFkp13zTdkRu1huG9kg6IJs1O8hqj9rs6h7orGxHJUKb+mX3rPbWGhA==",
      "license": "Apache-2.0"
    },
    "node_modules/@mikro-orm/core": {
      "version": "7.1.7",
      "resolved": "https://registry.npmjs.org/@mikro-orm/core/-/core-7.1.7.tgz",
      "integrity": "sha512-UjFReuIdpWkzNnFNsAeTZnd7iJF/NM8sEiupQaygeZCVtejebb572r1wrE6Pl+SicnUU/HxpAhqvG0qLqIrYtg==",
      "license": "MIT",
      "engines": {
        "node": ">= 22.17.0"
      },
      "funding": {
        "url": "https://github.com/sponsors/b4nan"
      },
      "peerDependencies": {
        "dataloader": "2.2.3"
      },
      "peerDependenciesMeta": {
        "dataloader": {
          "optional": true
        }
      }
    },
    "node_modules/@mikro-orm/sql": {
      "version": "7.1.7",
      "resolved": "https://registry.npmjs.org/@mikro-orm/sql/-/sql-7.1.7.tgz",
      "integrity": "sha512-U2zbdzTyKYHrtbLFi2KIrmUMLMC86iSuCJngacYkjTdX4J2QSWn3SKVZ/eKk2936hMhuvoAXIahcaBDrMEeAQg==",
      "license": "MIT",
      "dependencies": {
        "kysely": "0.29.3"
      },
      "engines": {
        "node": ">= 22.17.0"
      },
      "peerDependencies": {
        "@mikro-orm/core": "7.1.7"
      }
    },
    "node_modules/@mikro-orm/sql/node_modules/kysely": {
      "version": "0.29.3",
      "resolved": "https://registry.npmjs.org/kysely/-/kysely-0.29.3.tgz",
      "integrity": "sha512-VHtBdW6XB/pgoTSqraM3UAa2rYoYdNXqnNPpX+8XXP+cwYbVEFuAp3HyPt1vpNfU9l7Y2kpUrA9QDPsy8uUqOQ==",
      "license": "MIT",
      "engines": {
        "node": ">=22.0.0"
      }
    },
    "node_modules/@sqlite.org/sqlite-wasm": {
      "version": "3.51.2-build9",
      "resolved": "https://registry.npmjs.org/@sqlite.org/sqlite-wasm/-/sqlite-wasm-3.51.2-build9.tgz",
      "integrity": "sha512-tj2Sa6X4gVZqS9SiT2xlEeChSUklSGq8Hz6zKNbHW6NRiGyrSXiFcspnrWru1wPBT76RX/VxweESKxawCxfDxg==",
      "license": "Apache-2.0",
      "engines": {
        "node": ">=22"
      }
    },
    "node_modules/@types/node": {
      "version": "22.20.1",
      "resolved": "https://registry.npmjs.org/@types/node/-/node-22.20.1.tgz",
      "integrity": "sha512-EANqOCF9QFyra+4pfxUcX9STKJpCLjMbObVzljIJomAWSnuSIEAvyzEU53GaajbXJEgdh0iEcPL+DGvpUd4k1Q==",
      "dev": true,
      "license": "MIT",
      "dependencies": {
        "undici-types": "~6.21.0"
      }
    },
    "node_modules/async-mutex": {
      "version": "0.5.0",
      "resolved": "https://registry.npmjs.org/async-mutex/-/async-mutex-0.5.0.tgz",
      "integrity": "sha512-1A94B18jkJ3DYq284ohPxoXbfTA5HsQ7/Mf4DEhcyLx3Bz27Rh59iScbB6EPiP+B+joue6YCxcMXSbFC1tZKwA==",
      "license": "MIT",
      "dependencies": {
        "tslib": "^2.4.0"
      }
    },
    "node_modules/boolbase": {
      "version": "1.0.0",
      "resolved": "https://registry.npmjs.org/boolbase/-/boolbase-1.0.0.tgz",
      "integrity": "sha512-JZOSA7Mo9sNGB8+UjSgzdLtokWAky1zbztM3WRLCbZ70/3cTANmQmOdR7y2g+J0e2WXywy1yS468tY+IruqEww==",
      "license": "ISC"
    },
    "node_modules/chevrotain": {
      "version": "12.0.0",
      "resolved": "https://registry.npmjs.org/chevrotain/-/chevrotain-12.0.0.tgz",
      "integrity": "sha512-csJvb+6kEiQaqo1woTdSAuOWdN0WTLIydkKrBnS+V5gZz0oqBrp4kQ35519QgK6TpBThiG3V1vNSHlIkv4AglQ==",
      "license": "Apache-2.0",
      "dependencies": {
        "@chevrotain/cst-dts-gen": "12.0.0",
        "@chevrotain/gast": "12.0.0",
        "@chevrotain/regexp-to-ast": "12.0.0",
        "@chevrotain/types": "12.0.0",
        "@chevrotain/utils": "12.0.0"
      },
      "engines": {
        "node": ">=22.0.0"
      }
    },
    "node_modules/css-select": {
      "version": "6.0.0",
      "resolved": "https://registry.npmjs.org/css-select/-/css-select-6.0.0.tgz",
      "integrity": "sha512-rZZVSLle8v0+EY8QAkDWrKhpgt6SA5OtHsgBnsj6ZaLb5dmDVOWUDtQitd9ydxxvEjhewNudS6eTVU7uOyzvXw==",
      "license": "BSD-2-Clause",
      "dependencies": {
        "boolbase": "^1.0.0",
        "css-what": "^7.0.0",
        "domhandler": "^5.0.3",
        "domutils": "^3.2.2",
        "nth-check": "^2.1.1"
      },
      "funding": {
        "url": "https://github.com/sponsors/fb55"
      }
    },
    "node_modules/css-what": {
      "version": "7.0.0",
      "resolved": "https://registry.npmjs.org/css-what/-/css-what-7.0.0.tgz",
      "integrity": "sha512-wD5oz5xibMOPHzy13CyGmogB3phdvcDaB5t0W/Nr5Z2O/agcB8YwOz6e2Lsp10pNDzBoDO9nVa3RGs/2BttpHQ==",
      "license": "BSD-2-Clause",
      "engines": {
        "node": ">= 6"
      },
      "funding": {
        "url": "https://github.com/sponsors/fb55"
      }
    },
    "node_modules/data-of-loathing": {
      "version": "4.3.1",
      "resolved": "https://registry.npmjs.org/data-of-loathing/-/data-of-loathing-4.3.1.tgz",
      "integrity": "sha512-q8Mx4AwE9gOgNuLIGnj82wv8DkPC+wtuzfHMGDMpTBAFZJUFw8HvsdEcRnIWmJHkwLcbcYplqw8zKcF31oe1ow==",
      "dependencies": {
        "@mikro-orm/core": "^7.0.14",
        "@mikro-orm/sql": "^7.0.14",
        "@sqlite.org/sqlite-wasm": "~3.51.2-build9",
        "env-paths": "^4.0.0",
        "kysely": "^0.28.17"
      },
      "peerDependencies": {
        "vite": ">=5.0.0",
        "vite-plugin-node-polyfills": "^0.26.0"
      },
      "peerDependenciesMeta": {
        "vite": {
          "optional": true
        },
        "vite-plugin-node-polyfills": {
          "optional": true
        }
      }
    },
    "node_modules/date-fns": {
      "version": "4.4.0",
      "resolved": "https://registry.npmjs.org/date-fns/-/date-fns-4.4.0.tgz",
      "integrity": "sha512-+1UMbeh68lH1SegH83CGWwpb6OHHbpSgr3+s5Eww5M4CAgswBpoWS0AjTOfEJ33HiYKz1hdj/KTFprzXHmq/6w==",
      "license": "MIT",
      "funding": {
        "type": "github",
        "url": "https://github.com/sponsors/kossnocorp"
      }
    },
    "node_modules/debug": {
      "version": "4.4.3",
      "resolved": "https://registry.npmjs.org/debug/-/debug-4.4.3.tgz",
      "integrity": "sha512-RGwwWnwQvkVfavKVt22FGLw+xYSdzARwm0ru6DhTVA3umU5hZc28V3kO4stgYryrTlLpuvgI9GiijltAjNbcqA==",
      "license": "MIT",
      "dependencies": {
        "ms": "^2.1.3"
      },
      "engines": {
        "node": ">=6.0"
      },
      "peerDependenciesMeta": {
        "supports-color": {
          "optional": true
        }
      }
    },
    "node_modules/destr": {
      "version": "2.0.5",
      "resolved": "https://registry.npmjs.org/destr/-/destr-2.0.5.tgz",
      "integrity": "sha512-ugFTXCtDZunbzasqBxrK93Ik/DRYsO6S/fedkWEMKqt04xZ4csmnmwGDBAb07QWNaGMAmnTIemsYZCksjATwsA==",
      "license": "MIT"
    },
    "node_modules/dom-serializer": {
      "version": "2.0.0",
      "resolved": "https://registry.npmjs.org/dom-serializer/-/dom-serializer-2.0.0.tgz",
      "integrity": "sha512-wIkAryiqt/nV5EQKqQpo3SToSOV9J0DnbJqwK7Wv/Trc92zIAYZ4FlMu+JPFW1DfGFt81ZTCGgDEabffXeLyJg==",
      "license": "MIT",
      "dependencies": {
        "domelementtype": "^2.3.0",
        "domhandler": "^5.0.2",
        "entities": "^4.2.0"
      },
      "funding": {
        "url": "https://github.com/cheeriojs/dom-serializer?sponsor=1"
      }
    },
    "node_modules/dom-serializer/node_modules/entities": {
      "version": "4.5.0",
      "resolved": "https://registry.npmjs.org/entities/-/entities-4.5.0.tgz",
      "integrity": "sha512-V0hjH4dGPh9Ao5p0MoRY6BVqtwCjhz6vI5LT8AJ55H+4g9/4vbHx1I54fS0XuclLhDHArPQCiMjDxjaL8fPxhw==",
      "license": "BSD-2-Clause",
      "engines": {
        "node": ">=0.12"
      },
      "funding": {
        "url": "https://github.com/fb55/entities?sponsor=1"
      }
    },
    "node_modules/domelementtype": {
      "version": "2.3.0",
      "resolved": "https://registry.npmjs.org/domelementtype/-/domelementtype-2.3.0.tgz",
      "integrity": "sha512-OLETBj6w0OsagBwdXnPdN0cnMfF9opN69co+7ZrbfPGrdpPVNBUj02spi6B1N7wChLQiPn4CSH/zJvXw56gmHw==",
      "funding": [
        {
          "type": "github",
          "url": "https://github.com/sponsors/fb55"
        }
      ],
      "license": "BSD-2-Clause"
    },
    "node_modules/domhandler": {
      "version": "5.0.3",
      "resolved": "https://registry.npmjs.org/domhandler/-/domhandler-5.0.3.tgz",
      "integrity": "sha512-cgwlv/1iFQiFnU96XXgROh8xTeetsnJiDsTc7TYCLFd9+/WNkIqPTxiM/8pSd8VIrhXGTf1Ny1q1hquVqDJB5w==",
      "license": "BSD-2-Clause",
      "dependencies": {
        "domelementtype": "^2.3.0"
      },
      "engines": {
        "node": ">= 4"
      },
      "funding": {
        "url": "https://github.com/fb55/domhandler?sponsor=1"
      }
    },
    "node_modules/domutils": {
      "version": "3.2.2",
      "resolved": "https://registry.npmjs.org/domutils/-/domutils-3.2.2.tgz",
      "integrity": "sha512-6kZKyUajlDuqlHKVX1w7gyslj9MPIXzIFiz/rGu35uC1wMi+kMhQwGhl4lt9unC9Vb9INnY9Z3/ZA3+FhASLaw==",
      "license": "BSD-2-Clause",
      "dependencies": {
        "dom-serializer": "^2.0.0",
        "domelementtype": "^2.3.0",
        "domhandler": "^5.0.3"
      },
      "funding": {
        "url": "https://github.com/fb55/domutils?sponsor=1"
      }
    },
    "node_modules/dotenv": {
      "version": "16.6.1",
      "resolved": "https://registry.npmjs.org/dotenv/-/dotenv-16.6.1.tgz",
      "integrity": "sha512-uBq4egWHTcTt33a72vpSG0z3HnPuIl6NqYcTrKEg2azoEyl2hpW0zqlxysq2pK9HlDIHyHyakeYaYnSAwd8bow==",
      "license": "BSD-2-Clause",
      "engines": {
        "node": ">=12"
      },
      "funding": {
        "url": "https://dotenvx.com"
      }
    },
    "node_modules/emittery": {
      "version": "1.2.1",
      "resolved": "https://registry.npmjs.org/emittery/-/emittery-1.2.1.tgz",
      "integrity": "sha512-sFz64DCRjirhwHLxofFqxYQm6DCp6o0Ix7jwKQvuCHPn4GMRZNuBZyLPu9Ccmk/QSCAMZt6FOUqA8JZCQvA9fw==",
      "license": "MIT",
      "engines": {
        "node": ">=14.16"
      },
      "funding": {
        "url": "https://github.com/sindresorhus/emittery?sponsor=1"
      }
    },
    "node_modules/entities": {
      "version": "7.0.1",
      "resolved": "https://registry.npmjs.org/entities/-/entities-7.0.1.tgz",
      "integrity": "sha512-TWrgLOFUQTH994YUyl1yT4uyavY5nNB5muff+RtWaqNVCAK408b5ZnnbNAUEWLTCpum9w6arT70i1XdQ4UeOPA==",
      "license": "BSD-2-Clause",
      "engines": {
        "node": ">=0.12"
      },
      "funding": {
        "url": "https://github.com/fb55/entities?sponsor=1"
      }
    },
    "node_modules/env-paths": {
      "version": "4.0.0",
      "resolved": "https://registry.npmjs.org/env-paths/-/env-paths-4.0.0.tgz",
      "integrity": "sha512-pxP8eL2SwwaTRi/KHYwLYXinDs7gL3jxFcBYmEdYfZmZXbaVDvdppd0XBU8qVz03rDfKZMXg1omHCbsJjZrMsw==",
      "license": "MIT",
      "dependencies": {
        "is-safe-filename": "^0.1.0"
      },
      "engines": {
        "node": ">=20"
      },
      "funding": {
        "url": "https://github.com/sponsors/sindresorhus"
      }
    },
    "node_modules/fetch-cookie": {
      "version": "3.2.0",
      "resolved": "https://registry.npmjs.org/fetch-cookie/-/fetch-cookie-3.2.0.tgz",
      "integrity": "sha512-n61pQIxP25C6DRhcJxn7BDzgHP/+S56Urowb5WFxtcRMpU6drqXD90xjyAsVQYsNSNNVbaCcYY1DuHsdkZLuiA==",
      "license": "Unlicense",
      "dependencies": {
        "set-cookie-parser": "^2.4.8",
        "tough-cookie": "^6.0.0"
      }
    },
    "node_modules/html-entities": {
      "version": "2.3.3",
      "resolved": "https://registry.npmjs.org/html-entities/-/html-entities-2.3.3.tgz",
      "integrity": "sha512-DV5Ln36z34NNTDgnz0EWGBLZENelNAtkiFA4kyNOG2tDI6Mz1uSWiq1wAKdyjnJwyDiDO7Fa2SO1CTxPXL8VxA=="
    },
    "node_modules/htmlparser2": {
      "version": "10.1.0",
      "resolved": "https://registry.npmjs.org/htmlparser2/-/htmlparser2-10.1.0.tgz",
      "integrity": "sha512-VTZkM9GWRAtEpveh7MSF6SjjrpNVNNVJfFup7xTY3UpFtm67foy9HDVXneLtFVt4pMz5kZtgNcvCniNFb1hlEQ==",
      "funding": [
        "https://github.com/fb55/htmlparser2?sponsor=1",
        {
          "type": "github",
          "url": "https://github.com/sponsors/fb55"
        }
      ],
      "license": "MIT",
      "dependencies": {
        "domelementtype": "^2.3.0",
        "domhandler": "^5.0.3",
        "domutils": "^3.2.2",
        "entities": "^7.0.1"
      }
    },
    "node_modules/image-size": {
      "version": "2.0.2",
      "resolved": "https://registry.npmjs.org/image-size/-/image-size-2.0.2.tgz",
      "integrity": "sha512-IRqXKlaXwgSMAMtpNzZa1ZAe8m+Sa1770Dhk8VkSsP9LS+iHD62Zd8FQKs8fbPiagBE7BzoFX23cxFnwshpV6w==",
      "license": "MIT",
      "bin": {
        "image-size": "bin/image-size.js"
      },
      "engines": {
        "node": ">=16.x"
      }
    },
    "node_modules/is-safe-filename": {
      "version": "0.1.1",
      "resolved": "https://registry.npmjs.org/is-safe-filename/-/is-safe-filename-0.1.1.tgz",
      "integrity": "sha512-4SrR7AdnY11LHfDKTZY1u6Ga3RuxZdl3YKWWShO5iyuG5h8QS4GD2tOb04peBJ5I7pXbR+CGBNEhTcwK+FzN3g==",
      "license": "MIT",
      "engines": {
        "node": ">=20"
      },
      "funding": {
        "url": "https://github.com/sponsors/sindresorhus"
      }
    },
    "node_modules/kol-rng": {
      "version": "3.0.0",
      "resolved": "https://registry.npmjs.org/kol-rng/-/kol-rng-3.0.0.tgz",
      "integrity": "sha512-Jy1TR5S1DNkCK41c7EAoqWV7XqUxWPDVrosMLw3hxR1BdKIujui2OgVBuIVr6hAqkji9quDozmrEKIDtMqS5NA==",
      "license": "MIT",
      "dependencies": {
        "mersenne-twister": "^1.1.0"
      }
    },
    "node_modules/kol.js": {
      "version": "0.12.0",
      "resolved": "https://registry.npmjs.org/kol.js/-/kol.js-0.12.0.tgz",
      "integrity": "sha512-pFeHSQ+zo9IWjT+JSl6aWUaaI8HLbxLUoJh1BqCD+ncrUoTBCUwOHc6exvor86LwYZ0I3eQ+Gemzo+3FHJfQXw==",
      "license": "MIT",
      "dependencies": {
        "async-mutex": "^0.5.0",
        "chevrotain": "^12.0.0",
        "css-select": "^6.0.0",
        "date-fns": "^4.1.0",
        "debug": "^4.4.3",
        "domhandler": "^5.0.3",
        "domutils": "^3.2.2",
        "emittery": "^1.1.0",
        "entities": "^7.0.1",
        "fetch-cookie": "^3.2.0",
        "htmlparser2": "^10.1.0",
        "image-size": "^2.0.2",
        "kol-rng": "3",
        "ofetch": "^1.5.1",
        "tough-cookie": "^6.0.0",
        "ts-dedent": "^2.2.0",
        "zod": "^4.4.3"
      },
      "peerDependencies": {
        "data-of-loathing": ">=4.3.0"
      }
    },
    "node_modules/kysely": {
      "version": "0.28.17",
      "resolved": "https://registry.npmjs.org/kysely/-/kysely-0.28.17.tgz",
      "integrity": "sha512-nbD8lB9EB3wNdMhOCdx5Li8DxnLbvKByylRLcJ1h+4SkrowVeECAyZlyiKMThF7xFdRz0jSQ2MoJr+wXux2y0Q==",
      "license": "MIT",
      "engines": {
        "node": ">=20.0.0"
      }
    },
    "node_modules/mersenne-twister": {
      "version": "1.1.0",
      "resolved": "https://registry.npmjs.org/mersenne-twister/-/mersenne-twister-1.1.0.tgz",
      "integrity": "sha512-mUYWsMKNrm4lfygPkL3OfGzOPTR2DBlTkBNHM//F6hGp8cLThY897crAlk3/Jo17LEOOjQUrNAx6DvgO77QJkA==",
      "license": "MIT"
    },
    "node_modules/ms": {
      "version": "2.1.3",
      "resolved": "https://registry.npmjs.org/ms/-/ms-2.1.3.tgz",
      "integrity": "sha512-6FlzubTLZG3J2a/NVCAleEhjzq5oxgHyaCU9yYXvcLsvoVaHJq/s5xXI6/XXP6tz7R9xAOtHnSO/tXtF3WRTlA==",
      "license": "MIT"
    },
    "node_modules/node-fetch-native": {
      "version": "1.6.7",
      "resolved": "https://registry.npmjs.org/node-fetch-native/-/node-fetch-native-1.6.7.tgz",
      "integrity": "sha512-g9yhqoedzIUm0nTnTqAQvueMPVOuIY16bqgAJJC8XOOubYFNwz6IER9qs0Gq2Xd0+CecCKFjtdDTMA4u4xG06Q==",
      "license": "MIT"
    },
    "node_modules/nth-check": {
      "version": "2.1.1",
      "resolved": "https://registry.npmjs.org/nth-check/-/nth-check-2.1.1.tgz",
      "integrity": "sha512-lqjrjmaOoAnWfMmBPL+XNnynZh2+swxiX3WUE0s4yEHI6m+AwrK2UZOimIRl3X/4QctVqS8AiZjFqyOGrMXb/w==",
      "license": "BSD-2-Clause",
      "dependencies": {
        "boolbase": "^1.0.0"
      },
      "funding": {
        "url": "https://github.com/fb55/nth-check?sponsor=1"
      }
    },
    "node_modules/ofetch": {
      "version": "1.5.1",
      "resolved": "https://registry.npmjs.org/ofetch/-/ofetch-1.5.1.tgz",
      "integrity": "sha512-2W4oUZlVaqAPAil6FUg/difl6YhqhUR7x2eZY4bQCko22UXg3hptq9KLQdqFClV+Wu85UX7hNtdGTngi/1BxcA==",
      "license": "MIT",
      "dependencies": {
        "destr": "^2.0.5",
        "node-fetch-native": "^1.6.7",
        "ufo": "^1.6.1"
      }
    },
    "node_modules/prettier": {
      "version": "2.4.0",
      "resolved": "https://registry.npmjs.org/prettier/-/prettier-2.4.0.tgz",
      "integrity": "sha512-DsEPLY1dE5HF3BxCRBmD4uYZ+5DCbvatnolqTqcxEgKVZnL2kUfyu7b8pPQ5+hTBkdhU9SLUmK0/pHb07RE4WQ==",
      "dev": true,
      "bin": {
        "prettier": "bin-prettier.js"
      },
      "engines": {
        "node": ">=10.13.0"
      }
    },
    "node_modules/set-cookie-parser": {
      "version": "2.7.2",
      "resolved": "https://registry.npmjs.org/set-cookie-parser/-/set-cookie-parser-2.7.2.tgz",
      "integrity": "sha512-oeM1lpU/UvhTxw+g3cIfxXHyJRc/uidd3yK1P242gzHds0udQBYzs3y8j4gCCW+ZJ7ad0yctld8RYO+bdurlvw==",
      "license": "MIT"
    },
    "node_modules/tldts": {
      "version": "7.4.9",
      "resolved": "https://registry.npmjs.org/tldts/-/tldts-7.4.9.tgz",
      "integrity": "sha512-3kZ8wQQ/k5DrChD4X4FVvr2D7E5uoRgAqkPyLpSCGUvqOvqu+JEdr3mwMUaVWb+vMHZaKhF5fp2PBigKsui7hA==",
      "license": "MIT",
      "dependencies": {
        "tldts-core": "^7.4.9"
      },
      "bin": {
        "tldts": "bin/cli.js"
      }
    },
    "node_modules/tldts-core": {
      "version": "7.4.9",
      "resolved": "https://registry.npmjs.org/tldts-core/-/tldts-core-7.4.9.tgz",
      "integrity": "sha512-DxKfPBI52p2msTEu7MPhdpdDTBhhVQg1a/8PjQckeyAvO13eMYElX545grIp6nnTGIMZlRvFZPvFhvI/WIz2Vg==",
      "license": "MIT"
    },
    "node_modules/tough-cookie": {
      "version": "6.0.2",
      "resolved": "https://registry.npmjs.org/tough-cookie/-/tough-cookie-6.0.2.tgz",
      "integrity": "sha512-exgYmnmL/sJpR3upZfXG5PoatXQii55xAiXGXzY+sROLZ/Y+SLcp9PgJNI9Vz37HpQ74WvDcLT8eqm+kV3FzrA==",
      "license": "BSD-3-Clause",
      "dependencies": {
        "tldts": "^7.0.5"
      },
      "engines": {
        "node": ">=16"
      }
    },
    "node_modules/ts-dedent": {
      "version": "2.3.0",
      "resolved": "https://registry.npmjs.org/ts-dedent/-/ts-dedent-2.3.0.tgz",
      "integrity": "sha512-JfJeIHke7y2egdGGgRAvpCwYFUsHlM2gPcrVOxFkznt/4uzQ7HFmvE63iFHVLBJNDuyDOQgijDK/tXH/f6Msjg==",
      "license": "MIT",
      "engines": {
        "node": ">=6.10"
      }
    },
    "node_modules/tslib": {
      "version": "2.8.1",
      "resolved": "https://registry.npmjs.org/tslib/-/tslib-2.8.1.tgz",
      "integrity": "sha512-oJFu94HQb+KVduSUQL7wnpmqnfmLsOA/nAh6b6EH0wCEoK0/mPeXU6c3wKDV83MkOuHPRHtSXKKU99IBazS/2w==",
      "license": "0BSD"
    },
    "node_modules/typescript": {
      "version": "5.9.3",
      "resolved": "https://registry.npmjs.org/typescript/-/typescript-5.9.3.tgz",
      "integrity": "sha512-jl1vZzPDinLr9eUt3J/t7V6FgNEw9QjvBPdysz9KfQDD41fQrC2Y4vKQdiaUpFT4bXlb1RHhLpp8wtm6M5TgSw==",
      "dev": true,
      "license": "Apache-2.0",
      "bin": {
        "tsc": "bin/tsc",
        "tsserver": "bin/tsserver"
      },
      "engines": {
        "node": ">=14.17"
      }
    },
    "node_modules/ufo": {
      "version": "1.6.4",
      "resolved": "https://registry.npmjs.org/ufo/-/ufo-1.6.4.tgz",
      "integrity": "sha512-JFNbkD1Svwe0KvGi8GOeLcP4kAWQ609twvCdcHxq1oSL8svv39ZuSvajcD8B+5D0eL4+s1Is2D/O6KN3qcTeRA==",
      "license": "MIT"
    },
    "node_modules/undici": {
      "version": "6.28.0",
      "resolved": "https://registry.npmjs.org/undici/-/undici-6.28.0.tgz",
      "integrity": "sha512-LIY910g9TI13YS95lrMFrs8Rm/u/irgHeTWoKCoteeJ04CUJ92eEfj0rVn+7VKMPBpUPiUoBKfhNyLI23EE/KA==",
      "dev": true,
      "license": "MIT",
      "engines": {
        "node": ">=18.17"
      }
    },
    "node_modules/undici-types": {
      "version": "6.21.0",
      "resolved": "https://registry.npmjs.org/undici-types/-/undici-types-6.21.0.tgz",
      "integrity": "sha512-iwDZqg0QAGrg9Rav5H4n0M64c3mkR59cJ6wQp+7C4nI0gsmExaedaYLNO44eT4AtBBwjbTiGPMlt2Md0T9H9JQ==",
      "dev": true,
      "license": "MIT"
    },
    "node_modules/zod": {
      "version": "4.4.3",
      "resolved": "https://registry.npmjs.org/zod/-/zod-4.4.3.tgz",
      "integrity": "sha512-ytENFjIJFl2UwYglde2jchW2Hwm4GJFLDiSXWdTrJQBIN9Fcyp7n4DhxJEiWNAJMV1/BqWfW/kkg71UDcHJyTQ==",
      "license": "MIT",
      "funding": {
        "url": "https://github.com/sponsors/colinhacks"
      }
    }
  }
}
